// !$*UTF8*$!
{
	archiveVersion = 1;
	classes = {
	};
	objectVersion = 48;
	objects = {

/* Begin PBXBuildFile section */
		116090CFA4D9C39AA965D103 /* libPods-TestLZYBannerView.a in Frameworks */ = {isa = PBXBuildFile; fileRef = 2A053E5B43C110264440BC1B /* libPods-TestLZYBannerView.a */; };
		C29B162C20B1607000558003 /* AppDelegate.m in Sources */ = {isa = PBXBuildFile; fileRef = C29B162B20B1607000558003 /* AppDelegate.m */; };
		C29B162F20B1607000558003 /* ViewController.m in Sources */ = {isa = PBXBuildFile; fileRef = C29B162E20B1607000558003 /* ViewController.m */; };
		C29B163220B1607000558003 /* Main.storyboard in Resources */ = {isa = PBXBuildFile; fileRef = C29B163020B1607000558003 /* Main.storyboard */; };
		C29B163420B1607000558003 /* Assets.xcassets in Resources */ = {isa = PBXBuildFile; fileRef = C29B163320B1607000558003 /* Assets.xcassets */; };
		C29B163720B1607000558003 /* LaunchScreen.storyboard in Resources */ = {isa = PBXBuildFile; fileRef = C29B163520B1607000558003 /* LaunchScreen.storyboard */; };
		C29B163A20B1607000558003 /* main.m in Sources */ = {isa = PBXBuildFile; fileRef = C29B163920B1607000558003 /* main.m */; };
		C29B164720B1609500558003 /* BannerCell.m in Sources */ = {isa = PBXBuildFile; fileRef = C29B164120B1609500558003 /* BannerCell.m */; };
		C29B164820B1609500558003 /* bannerViewPlactoler.jpeg in Resources */ = {isa = PBXBuildFile; fileRef = C29B164220B1609500558003 /* bannerViewPlactoler.jpeg */; };
		C29B164920B1609500558003 /* BannerCell.xib in Resources */ = {isa = PBXBuildFile; fileRef = C29B164420B1609500558003 /* BannerCell.xib */; };
		C29B164A20B1609500558003 /* LZYBannerView.m in Sources */ = {isa = PBXBuildFile; fileRef = C29B164520B1609500558003 /* LZYBannerView.m */; };
/* End PBXBuildFile section */

/* Begin PBXFileReference section */
		2A053E5B43C110264440BC1B /* libPods-TestLZYBannerView.a */ = {isa = PBXFileReference; explicitFileType = archive.ar; includeInIndex = 0; path = "libPods-TestLZYBannerView.a"; sourceTree = BUILT_PRODUCTS_DIR; };
		5C780356A3D1BA18CF344204 /* Pods-TestLZYBannerView.debug.xcconfig */ = {isa = PBXFileReference; includeInIndex = 1; lastKnownFileType = text.xcconfig; name = "Pods-TestLZYBannerView.debug.xcconfig"; path = "Pods/Target Support Files/Pods-TestLZYBannerView/Pods-TestLZYBannerView.debug.xcconfig"; sourceTree = "<group>"; };
		AC6404D390407A90AAC346F3 /* Pods-TestLZYBannerView.release.xcconfig */ = {isa = PBXFileReference; includeInIndex = 1; lastKnownFileType = text.xcconfig; name = "Pods-TestLZYBannerView.release.xcconfig"; path = "Pods/Target Support Files/Pods-TestLZYBannerView/Pods-TestLZYBannerView.release.xcconfig"; sourceTree = "<group>"; };
		C29B162720B1606F00558003 /* TestLZYBannerView.app */ = {isa = PBXFileReference; explicitFileType = wrapper.application; includeInIndex = 0; path = TestLZYBannerView.app; sourceTree = BUILT_PRODUCTS_DIR; };
		C29B162A20B1607000558003 /* AppDelegate.h */ = {isa = PBXFileReference; lastKnownFileType = sourcecode.c.h; path = AppDelegate.h; sourceTree = "<group>"; };
		C29B162B20B1607000558003 /* AppDelegate.m */ = {isa = PBXFileReference; lastKnownFileType = sourcecode.c.objc; path = AppDelegate.m; sourceTree = "<group>"; };
		C29B162D20B1607000558003 /* ViewController.h */ = {isa = PBXFileReference; lastKnownFileType = sourcecode.c.h; path = ViewController.h; sourceTree = "<group>"; };
		C29B162E20B1607000558003 /* ViewController.m */ = {isa = PBXFileReference; lastKnownFileType = sourcecode.c.objc; path = ViewController.m; sourceTree = "<group>"; };
		C29B163120B1607000558003 /* Base */ = {isa = PBXFileReference; lastKnownFileType = file.storyboard; name = Base; path = Base.lproj/Main.storyboard; sourceTree = "<group>"; };
		C29B163320B1607000558003 /* Assets.xcassets */ = {isa = PBXFileReference; lastKnownFileType = folder.assetcatalog; path = Assets.xcassets; sourceTree = "<group>"; };
		C29B163620B1607000558003 /* Base */ = {isa = PBXFileReference; lastKnownFileType = file.storyboard; name = Base; path = Base.lproj/LaunchScreen.storyboard; sourceTree = "<group>"; };
		C29B163820B1607000558003 /* Info.plist */ = {isa = PBXFileReference; lastKnownFileType = text.plist.xml; path = Info.plist; sourceTree = "<group>"; };
		C29B163920B1607000558003 /* main.m */ = {isa = PBXFileReference; lastKnownFileType = sourcecode.c.objc; path = main.m; sourceTree = "<group>"; };
		C29B164120B1609500558003 /* BannerCell.m */ = {isa = PBXFileReference; fileEncoding = 4; lastKnownFileType = sourcecode.c.objc; path = BannerCell.m; sourceTree = "<group>"; };
		C29B164220B1609500558003 /* bannerViewPlactoler.jpeg */ = {isa = PBXFileReference; lastKnownFileType = image.jpeg; path = bannerViewPlactoler.jpeg; sourceTree = "<group>"; };
		C29B164320B1609500558003 /* LZYBannerView.h */ = {isa = PBXFileReference; fileEncoding = 4; lastKnownFileType = sourcecode.c.h; path = LZYBannerView.h; sourceTree = "<group>"; };
		C29B164420B1609500558003 /* BannerCell.xib */ = {isa = PBXFileReference; fileEncoding = 4; lastKnownFileType = file.xib; path = BannerCell.xib; sourceTree = "<group>"; };
		C29B164520B1609500558003 /* LZYBannerView.m */ = {isa = PBXFileReference; fileEncoding = 4; lastKnownFileType = sourcecode.c.objc; path = LZYBannerView.m; sourceTree = "<group>"; };
		C29B164620B1609500558003 /* BannerCell.h */ = {isa = PBXFileReference; fileEncoding = 4; lastKnownFileType = sourcecode.c.h; path = BannerCell.h; sourceTree = "<group>"; };
/* End PBXFileReference section */

/* Begin PBXFrameworksBuildPhase section */
		C29B162420B1606F00558003 /* Frameworks */ = {
			isa = PBXFrameworksBuildPhase;
			buildActionMask = 2147483647;
			files = (
				116090CFA4D9C39AA965D103 /* libPods-TestLZYBannerView.a in Frameworks */,
			);
			runOnlyForDeploymentPostprocessing = 0;
		};
/* End PBXFrameworksBuildPhase section */

/* Begin PBXGroup section */
		65CC4CC5B1D7FC4B27E62FDD /* Pods */ = {
			isa = PBXGroup;
			children = (
				5C780356A3D1BA18CF344204 /* Pods-TestLZYBannerView.debug.xcconfig */,
				AC6404D390407A90AAC346F3 /* Pods-TestLZYBannerView.release.xcconfig */,
			);
			name = Pods;
			sourceTree = "<group>";
		};
		C29B161E20B1606F00558003 = {
			isa = PBXGroup;
			children = (
				C29B162920B1607000558003 /* TestLZYBannerView */,
				C29B162820B1606F00558003 /* Products */,
				65CC4CC5B1D7FC4B27E62FDD /* Pods */,
				E20CC31808E1B370B21151B6 /* Frameworks */,
			);
			sourceTree = "<group>";
		};
		C29B162820B1606F00558003 /* Products */ = {
			isa = PBXGroup;
			children = (
				C29B162720B1606F00558003 /* TestLZYBannerView.app */,
			);
			name = Products;
			sourceTree = "<group>";
		};
		C29B162920B1607000558003 /* TestLZYBannerView */ = {
			isa = PBXGroup;
			children = (
				C29B164020B1609500558003 /* LZYBannerView */,
				C29B162A20B1607000558003 /* AppDelegate.h */,
				C29B162B20B1607000558003 /* AppDelegate.m */,
				C29B162D20B1607000558003 /* ViewController.h */,
				C29B162E20B1607000558003 /* ViewController.m */,
				C29B163020B1607000558003 /* Main.storyboard */,
				C29B163320B1607000558003 /* Assets.xcassets */,
				C29B163520B1607000558003 /* LaunchScreen.storyboard */,
				C29B163820B1607000558003 /* Info.plist */,
				C29B163920B1607000558003 /* main.m */,
			);
			path = TestLZYBannerView;
			sourceTree = "<group>";
		};
		C29B164020B1609500558003 /* LZYBannerView */ = {
			isa = PBXGroup;
			children = (
				C29B164220B1609500558003 /* bannerViewPlactoler.jpeg */,
				C29B164320B1609500558003 /* LZYBannerView.h */,
				C29B164520B1609500558003 /* LZYBannerView.m */,
				C29B164620B1609500558003 /* BannerCell.h */,
				C29B164120B1609500558003 /* BannerCell.m */,
				C29B164420B1609500558003 /* BannerCell.xib */,
			);
			path = LZYBannerView;
			sourceTree = "<group>";
		};
		E20CC31808E1B370B21151B6 /* Frameworks */ = {
			isa = PBXGroup;
			children = (
				2A053E5B43C110264440BC1B /* libPods-TestLZYBannerView.a */,
			);
			name = Frameworks;
			sourceTree = "<group>";
		};
/* End PBXGroup section */

/* Begin PBXNativeTarget section */
		C29B162620B1606F00558003 /* TestLZYBannerView */ = {
			isa = PBXNativeTarget;
			buildConfigurationList = C29B163D20B1607000558003 /* Build configuration list for PBXNativeTarget "TestLZYBannerView" */;
			buildPhases = (
				3C6480C5971E093657A6013A /* [CP] Check Pods Manifest.lock */,
				C29B162320B1606F00558003 /* Sources */,
				C29B162420B1606F00558003 /* Frameworks */,
				C29B162520B1606F00558003 /* Resources */,
				29F7A43930CAB34E76CC40CB /* [CP] Embed Pods Frameworks */,
				FD00FB42911512ADB49A7E0E /* [CP] Copy Pods Resources */,
			);
			buildRules = (
			);
			dependencies = (
			);
			name = TestLZYBannerView;
			productName = TestLZYBannerView;
			productReference = C29B162720B1606F00558003 /* TestLZYBannerView.app */;
			productType = "com.apple.product-type.application";
		};
/* End PBXNativeTarget section */

/* Begin PBXProject section */
		C29B161F20B1606F00558003 /* Project object */ = {
			isa = PBXProject;
			attributes = {
				LastUpgradeCheck = 0920;
				ORGANIZATIONNAME = yfmac001;
				TargetAttributes = {
					C29B162620B1606F00558003 = {
						CreatedOnToolsVersion = 9.2;
						ProvisioningStyle = Automatic;
					};
				};
			};
			buildConfigurationList = C29B162220B1606F00558003 /* Build configuration list for PBXProject "TestLZYBannerView" */;
			compatibilityVersion = "Xcode 8.0";
			developmentRegion = en;
			hasScannedForEncodings = 0;
			knownRegions = (
				en,
				Base,
			);
			mainGroup = C29B161E20B1606F00558003;
			productRefGroup = C29B162820B1606F00558003 /* Products */;
			projectDirPath = "";
			projectRoot = "";
			targets = (
				C29B162620B1606F00558003 /* TestLZYBannerView */,
			);
		};
/* End PBXProject section */

/* Begin PBXResourcesBuildPhase section */
		C29B162520B1606F00558003 /* Resources */ = {
			isa = PBXResourcesBuildPhase;
			buildActionMask = 2147483647;
			files = (
				C29B164820B1609500558003 /* bannerViewPlactoler.jpeg in Resources */,
				C29B163720B1607000558003 /* LaunchScreen.storyboard in Resources */,
				C29B163420B1607000558003 /* Assets.xcassets in Resources */,
				C29B163220B1607000558003 /* Main.storyboard in Resources */,
				C29B164920B1609500558003 /* BannerCell.xib in Resources */,
			);
			runOnlyForDeploymentPostprocessing = 0;
		};
/* End PBXResourcesBuildPhase section */

/* Begin PBXShellScriptBuildPhase section */
		29F7A43930CAB34E76CC40CB /* [CP] Embed Pods Frameworks */ = {
			isa = PBXShellScriptBuildPhase;
			buildActionMask = 2147483647;
			files = (
			);
			inputPaths = (
			);
			name = "[CP] Embed Pods Frameworks";
			outputPaths = (
			);
			runOnlyForDeploymentPostprocessing = 0;
			shellPath = /bin/sh;
			shellScript = "\"${SRCROOT}/Pods/Target Support Files/Pods-TestLZYBannerView/Pods-TestLZYBannerView-frameworks.sh\"\n";
			showEnvVarsInLog = 0;
		};
		3C6480C5971E093657A6013A /* [CP] Check Pods Manifest.lock */ = {
			isa = PBXShellScriptBuildPhase;
			buildActionMask = 2147483647;
			files = (
			);
			inputPaths = (
				"${PODS_PODFILE_DIR_PATH}/Podfile.lock",
				"${PODS_ROOT}/Manifest.lock",
			);
			name = "[CP] Check Pods Manifest.lock";
			outputPaths = (
				"$(DERIVED_FILE_DIR)/Pods-TestLZYBannerView-checkManifestLockResult.txt",
			);
			runOnlyForDeploymentPostprocessing = 0;
			shellPath = /bin/sh;
			shellScript = "diff \"${PODS_PODFILE_DIR_PATH}/Podfile.lock\" \"${PODS_ROOT}/Manifest.lock\" > /dev/null\nif [ $? != 0 ] ; then\n    # print error to STDERR\n    echo \"error: The sandbox is not in sync with the Podfile.lock. Run 'pod install' or update your CocoaPods installation.\" >&2\n    exit 1\nfi\n# This output is used by Xcode 'outputs' to avoid re-running this script phase.\necho \"SUCCESS\" > \"${SCRIPT_OUTPUT_FILE_0}\"\n";
			showEnvVarsInLog = 0;
		};
		FD00FB42911512ADB49A7E0E /* [CP] Copy Pods Resources */ = {
			isa = PBXShellScriptBuildPhase;
			buildActionMask = 2147483647;
			files = (
			);
			inputPaths = (
			);
			name = "[CP] Copy Pods Resources";
			outputPaths = (
			);
			runOnlyForDeploymentPostprocessing = 0;
			shellPath = /bin/sh;
			shellScript = "\"${SRCROOT}/Pods/Target Support Files/Pods-TestLZYBannerView/Pods-TestLZYBannerView-resources.sh\"\n";
			showEnvVarsInLog = 0;
		};
/* End PBXShellScriptBuildPhase section */

/* Begin PBXSourcesBuildPhase section */
		C29B162320B1606F00558003 /* Sources */ = {
			isa = PBXSourcesBuildPhase;
			buildActionMask = 2147483647;
			files = (
				C29B162F20B1607000558003 /* ViewController.m in Sources */,
				C29B164720B1609500558003 /* BannerCell.m in Sources */,
				C29B163A20B1607000558003 /* main.m in Sources */,
				C29B162C20B1607000558003 /* AppDelegate.m in Sources */,
				C29B164A20B1609500558003 /* LZYBannerView.m in Sources */,
			);
			runOnlyForDeploymentPostprocessing = 0;
		};
/* End PBXSourcesBuildPhase section */

/* Begin PBXVariantGroup section */
		C29B163020B1607000558003 /* Main.storyboard */ = {
			isa = PBXVariantGroup;
			children = (
				C29B163120B1607000558003 /* Base */,
			);
			name = Main.storyboard;
			sourceTree = "<group>";
		};
		C29B163520B1607000558003 /* LaunchScreen.storyboard */ = {
			isa = PBXVariantGroup;
			children = (
				C29B163620B1607000558003 /* Base */,
			);
			name = LaunchScreen.storyboard;
			sourceTree = "<group>";
		};
/* End PBXVariantGroup section */

/* Begin XCBuildConfiguration section */
		C29B163B20B1607000558003 /* Debug */ = {
			isa = XCBuildConfiguration;
			buildSettings = {
				ALWAYS_SEARCH_USER_PATHS = NO;
				CLANG_ANALYZER_NONNULL = YES;
				CLANG_ANALYZER_NUMBER_OBJECT_CONVERSION = YES_AGGRESSIVE;
				CLANG_CXX_LANGUAGE_STANDARD = "gnu++14";
				CLANG_CXX_LIBRARY = "libc++";
				CLANG_ENABLE_MODULES = YES;
				CLANG_ENABLE_OBJC_ARC = YES;
				CLANG_WARN_BLOCK_CAPTURE_AUTORELEASING = YES;
				CLANG_WARN_BOOL_CONVERSION = YES;
				CLANG_WARN_COMMA = YES;
				CLANG_WARN_CONSTANT_CONVERSION = YES;
				CLANG_WARN_DIRECT_OBJC_ISA_USAGE = YES_ERROR;
				CLANG_WARN_DOCUMENTATION_COMMENTS = YES;
				CLANG_WARN_EMPTY_BODY = YES;
				CLANG_WARN_ENUM_CONVERSION = YES;
				CLANG_WARN_INFINITE_RECURSION = YES;
				CLANG_WARN_INT_CONVERSION = YES;
				CLANG_WARN_NON_LITERAL_NULL_CONVERSION = YES;
				CLANG_WARN_OBJC_LITERAL_CONVERSION = YES;
				CLANG_WARN_OBJC_ROOT_CLASS = YES_ERROR;
				CLANG_WARN_RANGE_LOOP_ANALYSIS = YES;
				CLANG_WARN_STRICT_PROTOTYPES = YES;
				CLANG_WARN_SUSPICIOUS_MOVE = YES;
				CLANG_WARN_UNGUARDED_AVAILABILITY = YES_AGGRESSIVE;
				CLANG_WARN_UNREACHABLE_CODE = YES;
				CLANG_WARN__DUPLICATE_METHOD_MATCH = YES;
				CODE_SIGN_IDENTITY = "iPhone Developer";
				COPY_PHASE_STRIP = NO;
				DEBUG_INFORMATION_FORMAT = dwarf;
				ENABLE_STRICT_OBJC_MSGSEND = YES;
				ENABLE_TESTABILITY = YES;
				GCC_C_LANGUAGE_STANDARD = gnu11;
				GCC_DYNAMIC_NO_PIC = NO;
				GCC_NO_COMMON_BLOCKS = YES;
				GCC_OPTIMIZATION_LEVEL = 0;
				GCC_PREPROCESSOR_DEFINITIONS = (
					"DEBUG=1",
					"$(inherited)",
				);
				GCC_WARN_64_TO_32_BIT_CONVERSION = YES;
				GCC_WARN_ABOUT_RETURN_TYPE = YES_ERROR;
				GCC_WARN_UNDECLARED_SELECTOR = YES;
				GCC_WARN_UNINITIALIZED_AUTOS = YES_AGGRESSIVE;
				GCC_WARN_UNUSED_FUNCTION = YES;
				GCC_WARN_UNUSED_VARIABLE = YES;
				IPHONEOS_DEPLOYMENT_TARGET = 8.0;
				MTL_ENABLE_DEBUG_INFO = YES;
				ONLY_ACTIVE_ARCH = YES;
				SDKROOT = iphoneos;
			};
			name = Debug;
		};
		C29B163C20B1607000558003 /* Release */ = {
			isa = XCBuildConfiguration;
			buildSettings = {
				ALWAYS_SEARCH_USER_PATHS = NO;
				CLANG_ANALYZER_NONNULL = YES;
				CLANG_ANALYZER_NUMBER_OBJECT_CONVERSION = YES_AGGRESSIVE;
				CLANG_CXX_LANGUAGE_STANDARD = "gnu++14";
				CLANG_CXX_LIBRARY = "libc++";
				CLANG_ENABLE_MODULES = YES;
				CLANG_ENABLE_OBJC_ARC = YES;
				CLANG_WARN_BLOCK_CAPTURE_AUTORELEASING = YES;
				CLANG_WARN_BOOL_CONVERSION = YES;
				CLANG_WARN_COMMA = YES;
				CLANG_WARN_CONSTANT_CONVERSION = YES;
				CLANG_WARN_DIRECT_OBJC_ISA_USAGE = YES_ERROR;
				CLANG_WARN_DOCUMENTATION_COMMENTS = YES;
				CLANG_WARN_EMPTY_BODY = YES;
				CLANG_WARN_ENUM_CONVERSION = YES;
				CLANG_WARN_INFINITE_RECURSION = YES;
				CLANG_WARN_INT_CONVERSION = YES;
				CLANG_WARN_NON_LITERAL_NULL_CONVERSION = YES;
				CLANG_WARN_OBJC_LITERAL_CONVERSION = YES;
				CLANG_WARN_OBJC_ROOT_CLASS = YES_ERROR;
				CLANG_WARN_RANGE_LOOP_ANALYSIS = YES;
				CLANG_WARN_STRICT_PROTOTYPES = YES;
				CLANG_WARN_SUSPICIOUS_MOVE = YES;
				CLANG_WARN_UNGUARDED_AVAILABILITY = YES_AGGRESSIVE;
				CLANG_WARN_UNREACHABLE_CODE = YES;
				CLANG_WARN__DUPLICATE_METHOD_MATCH = YES;
				CODE_SIGN_IDENTITY = "iPhone Developer";
				COPY_PHASE_STRIP = NO;
				DEBUG_INFORMATION_FORMAT = "dwarf-with-dsym";
				ENABLE_NS_ASSERTIONS = NO;
				ENABLE_STRICT_OBJC_MSGSEND = YES;
				GCC_C_LANGUAGE_STANDARD = gnu11;
				GCC_NO_COMMON_BLOCKS = YES;
				GCC_WARN_64_TO_32_BIT_CONVERSION = YES;
				GCC_WARN_ABOUT_RETURN_TYPE = YES_ERROR;
				GCC_WARN_UNDECLARED_SELECTOR = YES;
				GCC_WARN_UNINITIALIZED_AUTOS = YES_AGGRESSIVE;
				GCC_WARN_UNUSED_FUNCTION = YES;
				GCC_WARN_UNUSED_VARIABLE = YES;
				IPHONEOS_DEPLOYMENT_TARGET = 8.0;
				MTL_ENABLE_DEBUG_INFO = NO;
				SDKROOT = iphoneos;
				VALIDATE_PRODUCT = YES;
			};
			name = Release;
		};
		C29B163E20B1607000558003 /* Debug */ = {
			isa = XCBuildConfiguration;
			baseConfigurationReference = 5C780356A3D1BA18CF344204 /* Pods-TestLZYBannerView.debug.xcconfig */;
			buildSettings = {
				ASSETCATALOG_COMPILER_APPICON_NAME = AppIcon;
				CODE_SIGN_STYLE = Automatic;
				INFOPLIST_FILE = TestLZYBannerView/Info.plist;
				LD_RUNPATH_SEARCH_PATHS = "$(inherited) @executable_path/Frameworks";
				PRODUCT_BUNDLE_IDENTIFIER = yf.TestLZYBannerView;
				PRODUCT_NAME = "$(TARGET_NAME)";
				TARGETED_DEVICE_FAMILY = "1,2";
			};
			name = Debug;
		};
		C29B163F20B1607000558003 /* Release */ = {
			isa = XCBuildConfiguration;
			baseConfigurationReference = AC6404D390407A90AAC346F3 /* Pods-TestLZYBannerView.release.xcconfig */;
			buildSettings = {
				ASSETCATALOG_COMPILER_APPICON_NAME = AppIcon;
				CODE_SIGN_STYLE = Automatic;
				INFOPLIST_FILE = TestLZYBannerView/Info.plist;
				LD_RUNPATH_SEARCH_PATHS = "$(inherited) @executable_path/Frameworks";
				PRODUCT_BUNDLE_IDENTIFIER = yf.TestLZYBannerView;
				PRODUCT_NAME = "$(TARGET_NAME)";
				TARGETED_DEVICE_FAMILY = "1,2";
			};
			name = Release;
		};
/* End XCBuildConfiguration section */

/* Begin XCConfigurationList section */
		C29B162220B1606F00558003 /* Build configuration list for PBXProject "TestLZYBannerView" */ = {
			isa = XCConfigurationList;
			buildConfigurations = (
				C29B163B20B1607000558003 /* Debug */,
				C29B163C20B1607000558003 /* Release */,
			);
			defaultConfigurationIsVisible = 0;
			defaultConfigurationName = Release;
		};
		C29B163D20B1607000558003 /* Build configuration list for PBXNativeTarget "TestLZYBannerView" */ = {
			isa = XCConfigurationList;
			buildConfigurations = (
				C29B163E20B1607000558003 /* Debug */,
				C29B163F20B1607000558003 /* Release */,
			);
			defaultConfigurationIsVisible = 0;
			defaultConfigurationName = Release;
		};
/* End XCConfigurationList section */
	};
	rootObject = C29B161F20B1606F00558003 /* Project object */;
}
